
Microsoft Visual Studio Solution File, Format Version 12.00
# Visual Studio 2013
VisualStudioVersion = 12.0.21005.1
MinimumVisualStudioVersion = 10.0.40219.1
Project("{FAE04EC0-301F-11D3-BF4B-00C04F79EFBC}") = "EmiratesRacing.Web", "EmiratesRacing.Web\EmiratesRacing.Web.csproj", "{5122AE32-4096-4DFC-9459-85ACC82D794D}"
EndProject
Project("{FAE04EC0-301F-11D3-BF4B-00C04F79EFBC}") = "EmiratesRacing.EF", "EmiratesRacing.EF\EmiratesRacing.EF.csproj", "{ADD9CFDC-BC62-495F-AAD2-68F79AD3CC9A}"
EndProject
Project("{2150E333-8FDC-42A3-9474-1A3956D46DE8}") = ".nuget", ".nuget", "{FF0479D2-CC5A-47C1-8B19-98CCF3F34A84}"
	ProjectSection(SolutionItems) = preProject
		.nuget\NuGet.Config = .nuget\NuGet.Config
		.nuget\NuGet.exe = .nuget\NuGet.exe
		.nuget\NuGet.targets = .nuget\NuGet.targets
	EndProjectSection
EndProject
Global
	GlobalSection(SolutionConfigurationPlatforms) = preSolution
		Debug|Any CPU = Debug|Any CPU
		Release|Any CPU = Release|Any CPU
	EndGlobalSection
	GlobalSection(ProjectConfigurationPlatforms) = postSolution
		{5122AE32-4096-4DFC-9459-85ACC82D794D}.Debug|Any CPU.ActiveCfg = Debug|Any CPU
		{5122AE32-4096-4DFC-9459-85ACC82D794D}.Debug|Any CPU.Build.0 = Debug|Any CPU
		{5122AE32-4096-4DFC-9459-85ACC82D794D}.Release|Any CPU.ActiveCfg = Release|Any CPU
		{5122AE32-4096-4DFC-9459-85ACC82D794D}.Release|Any CPU.Build.0 = Release|Any CPU
		{ADD9CFDC-BC62-495F-AAD2-68F79AD3CC9A}.Debug|Any CPU.ActiveCfg = Debug|Any CPU
		{ADD9CFDC-BC62-495F-AAD2-68F79AD3CC9A}.Debug|Any CPU.Build.0 = Debug|Any CPU
		{ADD9CFDC-BC62-495F-AAD2-68F79AD3CC9A}.Release|Any CPU.ActiveCfg = Release|Any CPU
		{ADD9CFDC-BC62-495F-AAD2-68F79AD3CC9A}.Release|Any CPU.Build.0 = Release|Any CPU
	EndGlobalSection
	GlobalSection(SolutionProperties) = preSolution
		HideSolutionNode = FALSE
	EndGlobalSection
EndGlobal
